// !$*UTF8*$!
{
	archiveVersion = 1;
	classes = {
	};
	objectVersion = 46;
	objects = {

/* Begin PBXBuildFile section */
		7E15B82E1DFB31A000F39067 /* Main.storyboard in Resources */ = {isa = PBXBuildFile; fileRef = 7E15B82D1DFB31A000F39067 /* Main.storyboard */; };
		7E15B8321DFB4E1600F39067 /* Assets.xcassets in Resources */ = {isa = PBXBuildFile; fileRef = 7E15B8311DFB4E1600F39067 /* Assets.xcassets */; };
		7E1F907C1DA44A2800569816 /* AppDelegate.swift in Sources */ = {isa = PBXBuildFile; fileRef = 7E1F907B1DA44A2800569816 /* AppDelegate.swift */; };
		7E1F907E1DA44A2800569816 /* ViewController.swift in Sources */ = {isa = PBXBuildFile; fileRef = 7E1F907D1DA44A2800569816 /* ViewController.swift */; };
		7E1F90811DA44A2800569816 /* ColorGrid.storyboard in Resources */ = {isa = PBXBuildFile; fileRef = 7E1F907F1DA44A2800569816 /* ColorGrid.storyboard */; };
		7E1F90941DA44EB200569816 /* NotificationCenter.framework in Frameworks */ = {isa = PBXBuildFile; fileRef = 7E1F90931DA44EB200569816 /* NotificationCenter.framework */; };
		7E1F90971DA44EB200569816 /* TodayViewController.swift in Sources */ = {isa = PBXBuildFile; fileRef = 7E1F90961DA44EB200569816 /* TodayViewController.swift */; };
		7E1F909A1DA44EB200569816 /* MainInterface.storyboard in Resources */ = {isa = PBXBuildFile; fileRef = 7E1F90981DA44EB200569816 /* MainInterface.storyboard */; };
		7E1F909E1DA44EB200569816 /* Widget.appex in Embed App Extensions */ = {isa = PBXBuildFile; fileRef = 7E1F90911DA44EB200569816 /* Widget.appex */; settings = {ATTRIBUTES = (RemoveHeadersOnCopy, ); }; };
		7E9EB11F1DF1FBC70046891A /* APIController.swift in Sources */ = {isa = PBXBuildFile; fileRef = 7E9EB11E1DF1FBC70046891A /* APIController.swift */; };
		8D4DDC6DC19BFEFE25EA9C14 /* Pods_Widget.framework in Frameworks */ = {isa = PBXBuildFile; fileRef = C9AD6BDDAFDB0170FA045248 /* Pods_Widget.framework */; };
		D5247AD6D33FF2BC1D4816C4 /* Pods_Widget_Demo.framework in Frameworks */ = {isa = PBXBuildFile; fileRef = FBBF3ED5E9E43F8924AA32DD /* Pods_Widget_Demo.framework */; };
/* End PBXBuildFile section */

/* Begin PBXContainerItemProxy section */
		7E1F909C1DA44EB200569816 /* PBXContainerItemProxy */ = {
			isa = PBXContainerItemProxy;
			containerPortal = 7E1F90701DA44A2800569816 /* Project object */;
			proxyType = 1;
			remoteGlobalIDString = 7E1F90901DA44EB200569816;
			remoteInfo = Widget;
		};
/* End PBXContainerItemProxy section */

/* Begin PBXCopyFilesBuildPhase section */
		7E1F90A21DA44EB200569816 /* Embed App Extensions */ = {
			isa = PBXCopyFilesBuildPhase;
			buildActionMask = 2147483647;
			dstPath = "";
			dstSubfolderSpec = 13;
			files = (
				7E1F909E1DA44EB200569816 /* Widget.appex in Embed App Extensions */,
			);
			name = "Embed App Extensions";
			runOnlyForDeploymentPostprocessing = 0;
		};
/* End PBXCopyFilesBuildPhase section */

/* Begin PBXFileReference section */
		5D65DC2FF8F9E6BA63E0F939 /* Pods-Widget-Demo.debug.xcconfig */ = {isa = PBXFileReference; includeInIndex = 1; lastKnownFileType = text.xcconfig; name = "Pods-Widget-Demo.debug.xcconfig"; path = "Pods/Target Support Files/Pods-Widget-Demo/Pods-Widget-Demo.debug.xcconfig"; sourceTree = "<group>"; };
		652E6F33AE84A828873DBDB5 /* Pods-Widget.release.xcconfig */ = {isa = PBXFileReference; includeInIndex = 1; lastKnownFileType = text.xcconfig; name = "Pods-Widget.release.xcconfig"; path = "Pods/Target Support Files/Pods-Widget/Pods-Widget.release.xcconfig"; sourceTree = "<group>"; };
		793A74004D66696124FA4582 /* Pods-Widget-Demo.release.xcconfig */ = {isa = PBXFileReference; includeInIndex = 1; lastKnownFileType = text.xcconfig; name = "Pods-Widget-Demo.release.xcconfig"; path = "Pods/Target Support Files/Pods-Widget-Demo/Pods-Widget-Demo.release.xcconfig"; sourceTree = "<group>"; };
		7E15B82D1DFB31A000F39067 /* Main.storyboard */ = {isa = PBXFileReference; fileEncoding = 4; lastKnownFileType = file.storyboard; path = Main.storyboard; sourceTree = "<group>"; };
		7E15B8311DFB4E1600F39067 /* Assets.xcassets */ = {isa = PBXFileReference; lastKnownFileType = folder.assetcatalog; path = Assets.xcassets; sourceTree = "<group>"; };
		7E1F90781DA44A2800569816 /* Widget-Demo.app */ = {isa = PBXFileReference; explicitFileType = wrapper.application; includeInIndex = 0; path = "Widget-Demo.app"; sourceTree = BUILT_PRODUCTS_DIR; };
		7E1F907B1DA44A2800569816 /* AppDelegate.swift */ = {isa = PBXFileReference; lastKnownFileType = sourcecode.swift; path = AppDelegate.swift; sourceTree = "<group>"; };
		7E1F907D1DA44A2800569816 /* ViewController.swift */ = {isa = PBXFileReference; lastKnownFileType = sourcecode.swift; path = ViewController.swift; sourceTree = "<group>"; };
		7E1F90801DA44A2800569816 /* Base */ = {isa = PBXFileReference; lastKnownFileType = file.storyboard; name = Base; path = Base.lproj/ColorGrid.storyboard; sourceTree = "<group>"; };
		7E1F90871DA44A2800569816 /* Info.plist */ = {isa = PBXFileReference; lastKnownFileType = text.plist.xml; path = Info.plist; sourceTree = "<group>"; };
		7E1F90911DA44EB200569816 /* Widget.appex */ = {isa = PBXFileReference; explicitFileType = "wrapper.app-extension"; includeInIndex = 0; path = Widget.appex; sourceTree = BUILT_PRODUCTS_DIR; };
		7E1F90931DA44EB200569816 /* NotificationCenter.framework */ = {isa = PBXFileReference; lastKnownFileType = wrapper.framework; name = NotificationCenter.framework; path = System/Library/Frameworks/NotificationCenter.framework; sourceTree = SDKROOT; };
		7E1F90961DA44EB200569816 /* TodayViewController.swift */ = {isa = PBXFileReference; lastKnownFileType = sourcecode.swift; path = TodayViewController.swift; sourceTree = "<group>"; };
		7E1F90991DA44EB200569816 /* Base */ = {isa = PBXFileReference; lastKnownFileType = file.storyboard; name = Base; path = Base.lproj/MainInterface.storyboard; sourceTree = "<group>"; };
		7E1F909B1DA44EB200569816 /* Info.plist */ = {isa = PBXFileReference; lastKnownFileType = text.plist.xml; path = Info.plist; sourceTree = "<group>"; };
		7E5575BF1DBA5F9500FCB2CD /* methodPath.gpx */ = {isa = PBXFileReference; lastKnownFileType = text.xml; path = methodPath.gpx; sourceTree = "<group>"; };
		7E5575C21DBA650E00FCB2CD /* outsideMethod.gpx */ = {isa = PBXFileReference; lastKnownFileType = text.xml; name = outsideMethod.gpx; path = ../outsideMethod.gpx; sourceTree = "<group>"; };
		7E9EB11E1DF1FBC70046891A /* APIController.swift */ = {isa = PBXFileReference; fileEncoding = 4; lastKnownFileType = sourcecode.swift; path = APIController.swift; sourceTree = "<group>"; };
		7ECEE5501DAE9745009FF8D9 /* Widget.entitlements */ = {isa = PBXFileReference; lastKnownFileType = text.plist.entitlements; path = Widget.entitlements; sourceTree = "<group>"; };
		7EF448961DAC50D600B08A0C /* Widget-Demo.entitlements */ = {isa = PBXFileReference; lastKnownFileType = text.plist.entitlements; path = "Widget-Demo.entitlements"; sourceTree = "<group>"; };
		C9AD6BDDAFDB0170FA045248 /* Pods_Widget.framework */ = {isa = PBXFileReference; explicitFileType = wrapper.framework; includeInIndex = 0; path = Pods_Widget.framework; sourceTree = BUILT_PRODUCTS_DIR; };
		D0191F2FF563D9EE977B94D8 /* Pods-Widget.debug.xcconfig */ = {isa = PBXFileReference; includeInIndex = 1; lastKnownFileType = text.xcconfig; name = "Pods-Widget.debug.xcconfig"; path = "Pods/Target Support Files/Pods-Widget/Pods-Widget.debug.xcconfig"; sourceTree = "<group>"; };
		FBBF3ED5E9E43F8924AA32DD /* Pods_Widget_Demo.framework */ = {isa = PBXFileReference; explicitFileType = wrapper.framework; includeInIndex = 0; path = Pods_Widget_Demo.framework; sourceTree = BUILT_PRODUCTS_DIR; };
/* End PBXFileReference section */

/* Begin PBXFrameworksBuildPhase section */
		7E1F90751DA44A2800569816 /* Frameworks */ = {
			isa = PBXFrameworksBuildPhase;
			buildActionMask = 2147483647;
			files = (
				D5247AD6D33FF2BC1D4816C4 /* Pods_Widget_Demo.framework in Frameworks */,
			);
			runOnlyForDeploymentPostprocessing = 0;
		};
		7E1F908E1DA44EB200569816 /* Frameworks */ = {
			isa = PBXFrameworksBuildPhase;
			buildActionMask = 2147483647;
			files = (
				7E1F90941DA44EB200569816 /* NotificationCenter.framework in Frameworks */,
				8D4DDC6DC19BFEFE25EA9C14 /* Pods_Widget.framework in Frameworks */,
			);
			runOnlyForDeploymentPostprocessing = 0;
		};
/* End PBXFrameworksBuildPhase section */

/* Begin PBXGroup section */
		7E1F906F1DA44A2800569816 = {
			isa = PBXGroup;
			children = (
				7E1F907A1DA44A2800569816 /* Widget-Demo */,
				7E1F90951DA44EB200569816 /* Widget */,
				7E1F90921DA44EB200569816 /* Frameworks */,
				7E1F90791DA44A2800569816 /* Products */,
				EC31CFB0CF48714B98FB5C40 /* Pods */,
			);
			sourceTree = "<group>";
		};
		7E1F90791DA44A2800569816 /* Products */ = {
			isa = PBXGroup;
			children = (
				7E1F90781DA44A2800569816 /* Widget-Demo.app */,
				7E1F90911DA44EB200569816 /* Widget.appex */,
			);
			name = Products;
			sourceTree = "<group>";
		};
		7E1F907A1DA44A2800569816 /* Widget-Demo */ = {
			isa = PBXGroup;
			children = (
				7EF448961DAC50D600B08A0C /* Widget-Demo.entitlements */,
				7E1F907B1DA44A2800569816 /* AppDelegate.swift */,
				7E1F907D1DA44A2800569816 /* ViewController.swift */,
				7E1F907F1DA44A2800569816 /* ColorGrid.storyboard */,
				7E1F90871DA44A2800569816 /* Info.plist */,
				7E5575C21DBA650E00FCB2CD /* outsideMethod.gpx */,
				7E5575BF1DBA5F9500FCB2CD /* methodPath.gpx */,
				7E15B82D1DFB31A000F39067 /* Main.storyboard */,
				7E15B8311DFB4E1600F39067 /* Assets.xcassets */,
			);
			path = "Widget-Demo";
			sourceTree = "<group>";
		};
		7E1F90921DA44EB200569816 /* Frameworks */ = {
			isa = PBXGroup;
			children = (
				7E1F90931DA44EB200569816 /* NotificationCenter.framework */,
				C9AD6BDDAFDB0170FA045248 /* Pods_Widget.framework */,
				FBBF3ED5E9E43F8924AA32DD /* Pods_Widget_Demo.framework */,
			);
			name = Frameworks;
			sourceTree = "<group>";
		};
		7E1F90951DA44EB200569816 /* Widget */ = {
			isa = PBXGroup;
			children = (
				7ECEE5501DAE9745009FF8D9 /* Widget.entitlements */,
				7E1F90961DA44EB200569816 /* TodayViewController.swift */,
				7E1F90981DA44EB200569816 /* MainInterface.storyboard */,
				7E1F909B1DA44EB200569816 /* Info.plist */,
				7E9EB11E1DF1FBC70046891A /* APIController.swift */,
			);
			path = Widget;
			sourceTree = "<group>";
		};
		EC31CFB0CF48714B98FB5C40 /* Pods */ = {
			isa = PBXGroup;
			children = (
				D0191F2FF563D9EE977B94D8 /* Pods-Widget.debug.xcconfig */,
				652E6F33AE84A828873DBDB5 /* Pods-Widget.release.xcconfig */,
				5D65DC2FF8F9E6BA63E0F939 /* Pods-Widget-Demo.debug.xcconfig */,
				793A74004D66696124FA4582 /* Pods-Widget-Demo.release.xcconfig */,
			);
			name = Pods;
			sourceTree = "<group>";
		};
/* End PBXGroup section */

/* Begin PBXNativeTarget section */
		7E1F90771DA44A2800569816 /* Widget-Demo */ = {
			isa = PBXNativeTarget;
			buildConfigurationList = 7E1F908A1DA44A2800569816 /* Build configuration list for PBXNativeTarget "Widget-Demo" */;
			buildPhases = (
				2C9B55AD8176841D424EF098 /* [CP] Check Pods Manifest.lock */,
				7E1F90741DA44A2800569816 /* Sources */,
				7E1F90751DA44A2800569816 /* Frameworks */,
				7E1F90761DA44A2800569816 /* Resources */,
				7E1F90A21DA44EB200569816 /* Embed App Extensions */,
				C37EE49F2B3167AD67A276A4 /* [CP] Embed Pods Frameworks */,
				F517D2CB6E3C745048D354E7 /* [CP] Copy Pods Resources */,
			);
			buildRules = (
			);
			dependencies = (
				7E1F909D1DA44EB200569816 /* PBXTargetDependency */,
			);
			name = "Widget-Demo";
			productName = "Widget-Demo";
			productReference = 7E1F90781DA44A2800569816 /* Widget-Demo.app */;
			productType = "com.apple.product-type.application";
		};
		7E1F90901DA44EB200569816 /* Widget */ = {
			isa = PBXNativeTarget;
			buildConfigurationList = 7E1F909F1DA44EB200569816 /* Build configuration list for PBXNativeTarget "Widget" */;
			buildPhases = (
				F1D2F5E877E1F29EA68102EE /* [CP] Check Pods Manifest.lock */,
				7E1F908D1DA44EB200569816 /* Sources */,
				7E1F908E1DA44EB200569816 /* Frameworks */,
				7E1F908F1DA44EB200569816 /* Resources */,
				ACD2532D5A7785EBBBDDB482 /* [CP] Copy Pods Resources */,
			);
			buildRules = (
			);
			dependencies = (
			);
			name = Widget;
			productName = Widget;
			productReference = 7E1F90911DA44EB200569816 /* Widget.appex */;
			productType = "com.apple.product-type.app-extension";
		};
/* End PBXNativeTarget section */

/* Begin PBXProject section */
		7E1F90701DA44A2800569816 /* Project object */ = {
			isa = PBXProject;
			attributes = {
				LastSwiftUpdateCheck = 0800;
				LastUpgradeCheck = 0800;
				ORGANIZATIONNAME = "Marcus Grant";
				TargetAttributes = {
					7E1F90771DA44A2800569816 = {
						CreatedOnToolsVersion = 8.0;
						DevelopmentTeam = EY2GX6DLS6;
						LastSwiftMigration = 0800;
						ProvisioningStyle = Automatic;
						SystemCapabilities = {
							com.apple.ApplicationGroups.iOS = {
								enabled = 1;
							};
							com.apple.SafariKeychain = {
								enabled = 1;
							};
						};
					};
					7E1F90901DA44EB200569816 = {
						CreatedOnToolsVersion = 8.0;
						DevelopmentTeam = EY2GX6DLS6;
						LastSwiftMigration = 0800;
						ProvisioningStyle = Automatic;
						SystemCapabilities = {
							com.apple.ApplicationGroups.iOS = {
								enabled = 1;
							};
							com.apple.SafariKeychain = {
								enabled = 1;
							};
						};
					};
				};
			};
			buildConfigurationList = 7E1F90731DA44A2800569816 /* Build configuration list for PBXProject "Widget-Demo" */;
			compatibilityVersion = "Xcode 3.2";
			developmentRegion = English;
			hasScannedForEncodings = 0;
			knownRegions = (
				en,
				Base,
			);
			mainGroup = 7E1F906F1DA44A2800569816;
			productRefGroup = 7E1F90791DA44A2800569816 /* Products */;
			projectDirPath = "";
			projectRoot = "";
			targets = (
				7E1F90771DA44A2800569816 /* Widget-Demo */,
				7E1F90901DA44EB200569816 /* Widget */,
			);
		};
/* End PBXProject section */

/* Begin PBXResourcesBuildPhase section */
		7E1F90761DA44A2800569816 /* Resources */ = {
			isa = PBXResourcesBuildPhase;
			buildActionMask = 2147483647;
			files = (
				7E1F90811DA44A2800569816 /* ColorGrid.storyboard in Resources */,
				7E15B8321DFB4E1600F39067 /* Assets.xcassets in Resources */,
				7E15B82E1DFB31A000F39067 /* Main.storyboard in Resources */,
			);
			runOnlyForDeploymentPostprocessing = 0;
		};
		7E1F908F1DA44EB200569816 /* Resources */ = {
			isa = PBXResourcesBuildPhase;
			buildActionMask = 2147483647;
			files = (
				7E1F909A1DA44EB200569816 /* MainInterface.storyboard in Resources */,
			);
			runOnlyForDeploymentPostprocessing = 0;
		};
/* End PBXResourcesBuildPhase section */

/* Begin PBXShellScriptBuildPhase section */
		2C9B55AD8176841D424EF098 /* [CP] Check Pods Manifest.lock */ = {
			isa = PBXShellScriptBuildPhase;
			buildActionMask = 2147483647;
			files = (
			);
			inputPaths = (
			);
			name = "[CP] Check Pods Manifest.lock";
			outputPaths = (
			);
			runOnlyForDeploymentPostprocessing = 0;
			shellPath = /bin/sh;
			shellScript = "diff \"${PODS_ROOT}/../Podfile.lock\" \"${PODS_ROOT}/Manifest.lock\" > /dev/null\nif [ $? != 0 ] ; then\n    # print error to STDERR\n    echo \"error: The sandbox is not in sync with the Podfile.lock. Run 'pod install' or update your CocoaPods installation.\" >&2\n    exit 1\nfi\n";
			showEnvVarsInLog = 0;
		};
		ACD2532D5A7785EBBBDDB482 /* [CP] Copy Pods Resources */ = {
			isa = PBXShellScriptBuildPhase;
			buildActionMask = 2147483647;
			files = (
			);
			inputPaths = (
			);
			name = "[CP] Copy Pods Resources";
			outputPaths = (
			);
			runOnlyForDeploymentPostprocessing = 0;
			shellPath = /bin/sh;
			shellScript = "\"${SRCROOT}/Pods/Target Support Files/Pods-Widget/Pods-Widget-resources.sh\"\n";
			showEnvVarsInLog = 0;
		};
		C37EE49F2B3167AD67A276A4 /* [CP] Embed Pods Frameworks */ = {
			isa = PBXShellScriptBuildPhase;
			buildActionMask = 2147483647;
			files = (
			);
			inputPaths = (
			);
			name = "[CP] Embed Pods Frameworks";
			outputPaths = (
			);
			runOnlyForDeploymentPostprocessing = 0;
			shellPath = /bin/sh;
			shellScript = "\"${SRCROOT}/Pods/Target Support Files/Pods-Widget-Demo/Pods-Widget-Demo-frameworks.sh\"\n";
			showEnvVarsInLog = 0;
		};
		F1D2F5E877E1F29EA68102EE /* [CP] Check Pods Manifest.lock */ = {
			isa = PBXShellScriptBuildPhase;
			buildActionMask = 2147483647;
			files = (
			);
			inputPaths = (
			);
			name = "[CP] Check Pods Manifest.lock";
			outputPaths = (
			);
			runOnlyForDeploymentPostprocessing = 0;
			shellPath = /bin/sh;
			shellScript = "diff \"${PODS_ROOT}/../Podfile.lock\" \"${PODS_ROOT}/Manifest.lock\" > /dev/null\nif [ $? != 0 ] ; then\n    # print error to STDERR\n    echo \"error: The sandbox is not in sync with the Podfile.lock. Run 'pod install' or update your CocoaPods installation.\" >&2\n    exit 1\nfi\n";
			showEnvVarsInLog = 0;
		};
		F517D2CB6E3C745048D354E7 /* [CP] Copy Pods Resources */ = {
			isa = PBXShellScriptBuildPhase;
			buildActionMask = 2147483647;
			files = (
			);
			inputPaths = (
			);
			name = "[CP] Copy Pods Resources";
			outputPaths = (
			);
			runOnlyForDeploymentPostprocessing = 0;
			shellPath = /bin/sh;
			shellScript = "\"${SRCROOT}/Pods/Target Support Files/Pods-Widget-Demo/Pods-Widget-Demo-resources.sh\"\n";
			showEnvVarsInLog = 0;
		};
/* End PBXShellScriptBuildPhase section */

/* Begin PBXSourcesBuildPhase section */
		7E1F90741DA44A2800569816 /* Sources */ = {
			isa = PBXSourcesBuildPhase;
			buildActionMask = 2147483647;
			files = (
				7E1F907E1DA44A2800569816 /* ViewController.swift in Sources */,
				7E1F907C1DA44A2800569816 /* AppDelegate.swift in Sources */,
			);
			runOnlyForDeploymentPostprocessing = 0;
		};
		7E1F908D1DA44EB200569816 /* Sources */ = {
			isa = PBXSourcesBuildPhase;
			buildActionMask = 2147483647;
			files = (
				7E9EB11F1DF1FBC70046891A /* APIController.swift in Sources */,
				7E1F90971DA44EB200569816 /* TodayViewController.swift in Sources */,
			);
			runOnlyForDeploymentPostprocessing = 0;
		};
/* End PBXSourcesBuildPhase section */

/* Begin PBXTargetDependency section */
		7E1F909D1DA44EB200569816 /* PBXTargetDependency */ = {
			isa = PBXTargetDependency;
			target = 7E1F90901DA44EB200569816 /* Widget */;
			targetProxy = 7E1F909C1DA44EB200569816 /* PBXContainerItemProxy */;
		};
/* End PBXTargetDependency section */

/* Begin PBXVariantGroup section */
		7E1F907F1DA44A2800569816 /* ColorGrid.storyboard */ = {
			isa = PBXVariantGroup;
			children = (
				7E1F90801DA44A2800569816 /* Base */,
			);
			name = ColorGrid.storyboard;
			sourceTree = "<group>";
		};
		7E1F90981DA44EB200569816 /* MainInterface.storyboard */ = {
			isa = PBXVariantGroup;
			children = (
				7E1F90991DA44EB200569816 /* Base */,
			);
			name = MainInterface.storyboard;
			sourceTree = "<group>";
		};
/* End PBXVariantGroup section */

/* Begin XCBuildConfiguration section */
		7E1F90881DA44A2800569816 /* Debug */ = {
			isa = XCBuildConfiguration;
			buildSettings = {
				ALWAYS_SEARCH_USER_PATHS = NO;
				CLANG_ANALYZER_NONNULL = YES;
				CLANG_CXX_LANGUAGE_STANDARD = "gnu++0x";
				CLANG_CXX_LIBRARY = "libc++";
				CLANG_ENABLE_MODULES = YES;
				CLANG_ENABLE_OBJC_ARC = YES;
				CLANG_WARN_BOOL_CONVERSION = YES;
				CLANG_WARN_CONSTANT_CONVERSION = YES;
				CLANG_WARN_DIRECT_OBJC_ISA_USAGE = YES_ERROR;
				CLANG_WARN_DOCUMENTATION_COMMENTS = YES;
				CLANG_WARN_EMPTY_BODY = YES;
				CLANG_WARN_ENUM_CONVERSION = YES;
				CLANG_WARN_INFINITE_RECURSION = YES;
				CLANG_WARN_INT_CONVERSION = YES;
				CLANG_WARN_OBJC_ROOT_CLASS = YES_ERROR;
				CLANG_WARN_SUSPICIOUS_MOVES = YES;
				CLANG_WARN_UNREACHABLE_CODE = YES;
				CLANG_WARN__DUPLICATE_METHOD_MATCH = YES;
				"CODE_SIGN_IDENTITY[sdk=iphoneos*]" = "iPhone Developer";
				COPY_PHASE_STRIP = NO;
				DEBUG_INFORMATION_FORMAT = dwarf;
				ENABLE_STRICT_OBJC_MSGSEND = YES;
				ENABLE_TESTABILITY = YES;
				GCC_C_LANGUAGE_STANDARD = gnu99;
				GCC_DYNAMIC_NO_PIC = NO;
				GCC_NO_COMMON_BLOCKS = YES;
				GCC_OPTIMIZATION_LEVEL = 0;
				GCC_PREPROCESSOR_DEFINITIONS = (
					"DEBUG=1",
					"$(inherited)",
				);
				GCC_WARN_64_TO_32_BIT_CONVERSION = YES;
				GCC_WARN_ABOUT_RETURN_TYPE = YES_ERROR;
				GCC_WARN_UNDECLARED_SELECTOR = YES;
				GCC_WARN_UNINITIALIZED_AUTOS = YES_AGGRESSIVE;
				GCC_WARN_UNUSED_FUNCTION = YES;
				GCC_WARN_UNUSED_VARIABLE = YES;
				IPHONEOS_DEPLOYMENT_TARGET = 10.0;
				MTL_ENABLE_DEBUG_INFO = YES;
				ONLY_ACTIVE_ARCH = YES;
				SDKROOT = iphoneos;
				SWIFT_ACTIVE_COMPILATION_CONDITIONS = DEBUG;
				SWIFT_OPTIMIZATION_LEVEL = "-Onone";
			};
			name = Debug;
		};
		7E1F90891DA44A2800569816 /* Release */ = {
			isa = XCBuildConfiguration;
			buildSettings = {
				ALWAYS_SEARCH_USER_PATHS = NO;
				CLANG_ANALYZER_NONNULL = YES;
				CLANG_CXX_LANGUAGE_STANDARD = "gnu++0x";
				CLANG_CXX_LIBRARY = "libc++";
				CLANG_ENABLE_MODULES = YES;
				CLANG_ENABLE_OBJC_ARC = YES;
				CLANG_WARN_BOOL_CONVERSION = YES;
				CLANG_WARN_CONSTANT_CONVERSION = YES;
				CLANG_WARN_DIRECT_OBJC_ISA_USAGE = YES_ERROR;
				CLANG_WARN_DOCUMENTATION_COMMENTS = YES;
				CLANG_WARN_EMPTY_BODY = YES;
				CLANG_WARN_ENUM_CONVERSION = YES;
				CLANG_WARN_INFINITE_RECURSION = YES;
				CLANG_WARN_INT_CONVERSION = YES;
				CLANG_WARN_OBJC_ROOT_CLASS = YES_ERROR;
				CLANG_WARN_SUSPICIOUS_MOVES = YES;
				CLANG_WARN_UNREACHABLE_CODE = YES;
				CLANG_WARN__DUPLICATE_METHOD_MATCH = YES;
				"CODE_SIGN_IDENTITY[sdk=iphoneos*]" = "iPhone Developer";
				COPY_PHASE_STRIP = NO;
				DEBUG_INFORMATION_FORMAT = "dwarf-with-dsym";
				ENABLE_NS_ASSERTIONS = NO;
				ENABLE_STRICT_OBJC_MSGSEND = YES;
				GCC_C_LANGUAGE_STANDARD = gnu99;
				GCC_NO_COMMON_BLOCKS = YES;
				GCC_WARN_64_TO_32_BIT_CONVERSION = YES;
				GCC_WARN_ABOUT_RETURN_TYPE = YES_ERROR;
				GCC_WARN_UNDECLARED_SELECTOR = YES;
				GCC_WARN_UNINITIALIZED_AUTOS = YES_AGGRESSIVE;
				GCC_WARN_UNUSED_FUNCTION = YES;
				GCC_WARN_UNUSED_VARIABLE = YES;
				IPHONEOS_DEPLOYMENT_TARGET = 10.0;
				MTL_ENABLE_DEBUG_INFO = NO;
				SDKROOT = iphoneos;
				SWIFT_OPTIMIZATION_LEVEL = "-Owholemodule";
				VALIDATE_PRODUCT = YES;
			};
			name = Release;
		};
		7E1F908B1DA44A2800569816 /* Debug */ = {
			isa = XCBuildConfiguration;
			baseConfigurationReference = 5D65DC2FF8F9E6BA63E0F939 /* Pods-Widget-Demo.debug.xcconfig */;
			buildSettings = {
				ALWAYS_EMBED_SWIFT_STANDARD_LIBRARIES = YES;
				ASSETCATALOG_COMPILER_APPICON_NAME = AppIcon;
				CODE_SIGN_ENTITLEMENTS = "Widget-Demo/Widget-Demo.entitlements";
				DEVELOPMENT_TEAM = EY2GX6DLS6;
				INFOPLIST_FILE = "Widget-Demo/Info.plist";
				LD_RUNPATH_SEARCH_PATHS = "$(inherited) @executable_path/Frameworks";
				PRODUCT_BUNDLE_IDENTIFIER = com.method.WidgetDemo;
				PRODUCT_NAME = "$(TARGET_NAME)";
				SWIFT_VERSION = 3.0;
			};
			name = Debug;
		};
		7E1F908C1DA44A2800569816 /* Release */ = {
			isa = XCBuildConfiguration;
			baseConfigurationReference = 793A74004D66696124FA4582 /* Pods-Widget-Demo.release.xcconfig */;
			buildSettings = {
				ALWAYS_EMBED_SWIFT_STANDARD_LIBRARIES = YES;
				ASSETCATALOG_COMPILER_APPICON_NAME = AppIcon;
				CODE_SIGN_ENTITLEMENTS = "Widget-Demo/Widget-Demo.entitlements";
				DEVELOPMENT_TEAM = EY2GX6DLS6;
				INFOPLIST_FILE = "Widget-Demo/Info.plist";
				LD_RUNPATH_SEARCH_PATHS = "$(inherited) @executable_path/Frameworks";
				PRODUCT_BUNDLE_IDENTIFIER = com.method.WidgetDemo;
				PRODUCT_NAME = "$(TARGET_NAME)";
				SWIFT_VERSION = 3.0;
			};
			name = Release;
		};
		7E1F90A01DA44EB200569816 /* Debug */ = {
			isa = XCBuildConfiguration;
			baseConfigurationReference = D0191F2FF563D9EE977B94D8 /* Pods-Widget.debug.xcconfig */;
			buildSettings = {
				CODE_SIGN_ENTITLEMENTS = Widget/Widget.entitlements;
				DEVELOPMENT_TEAM = EY2GX6DLS6;
				INFOPLIST_FILE = Widget/Info.plist;
				LD_RUNPATH_SEARCH_PATHS = "$(inherited) @executable_path/Frameworks @executable_path/../../Frameworks";
				PRODUCT_BUNDLE_IDENTIFIER = com.method.WidgetDemo.Widget;
				PRODUCT_NAME = "$(TARGET_NAME)";
				SKIP_INSTALL = YES;
				SWIFT_VERSION = 3.0;
			};
			name = Debug;
		};
		7E1F90A11DA44EB200569816 /* Release */ = {
			isa = XCBuildConfiguration;
			baseConfigurationReference = 652E6F33AE84A828873DBDB5 /* Pods-Widget.release.xcconfig */;
			buildSettings = {
				CODE_SIGN_ENTITLEMENTS = Widget/Widget.entitlements;
				DEVELOPMENT_TEAM = EY2GX6DLS6;
				INFOPLIST_FILE = Widget/Info.plist;
				LD_RUNPATH_SEARCH_PATHS = "$(inherited) @executable_path/Frameworks @executable_path/../../Frameworks";
				PRODUCT_BUNDLE_IDENTIFIER = com.method.WidgetDemo.Widget;
				PRODUCT_NAME = "$(TARGET_NAME)";
				SKIP_INSTALL = YES;
				SWIFT_VERSION = 3.0;
			};
			name = Release;
		};
/* End XCBuildConfiguration section */

/* Begin XCConfigurationList section */
		7E1F90731DA44A2800569816 /* Build configuration list for PBXProject "Widget-Demo" */ = {
			isa = XCConfigurationList;
			buildConfigurations = (
				7E1F90881DA44A2800569816 /* Debug */,
				7E1F90891DA44A2800569816 /* Release */,
			);
			defaultConfigurationIsVisible = 0;
			defaultConfigurationName = Release;
		};
		7E1F908A1DA44A2800569816 /* Build configuration list for PBXNativeTarget "Widget-Demo" */ = {
			isa = XCConfigurationList;
			buildConfigurations = (
				7E1F908B1DA44A2800569816 /* Debug */,
				7E1F908C1DA44A2800569816 /* Release */,
			);
			defaultConfigurationIsVisible = 0;
			defaultConfigurationName = Release;
		};
		7E1F909F1DA44EB200569816 /* Build configuration list for PBXNativeTarget "Widget" */ = {
			isa = XCConfigurationList;
			buildConfigurations = (
				7E1F90A01DA44EB200569816 /* Debug */,
				7E1F90A11DA44EB200569816 /* Release */,
			);
			defaultConfigurationIsVisible = 0;
			defaultConfigurationName = Release;
		};
/* End XCConfigurationList section */
	};
	rootObject = 7E1F90701DA44A2800569816 /* Project object */;
}
